// !$*UTF8*$!
{
	archiveVersion = 1;
	classes = {
	};
	objectVersion = 56;
	objects = {

/* Begin PBXBuildFile section */
		B185412929D0C71F00C8AA62 /* UIView+Ani.swift in Sources */ = {isa = PBXBuildFile; fileRef = B185412829D0C71F00C8AA62 /* UIView+Ani.swift */; };
		B186F68129D8634A005EB616 /* VideoListViewModel.swift in Sources */ = {isa = PBXBuildFile; fileRef = B186F68029D8634A005EB616 /* VideoListViewModel.swift */; };
		B186F68429D863AE005EB616 /* Video.swift in Sources */ = {isa = PBXBuildFile; fileRef = B186F68329D863AE005EB616 /* Video.swift */; };
		B1ACE4CB29CD56DD00B957F7 /* AVPlayer+Rx.swift in Sources */ = {isa = PBXBuildFile; fileRef = B1ACE4CA29CD56DD00B957F7 /* AVPlayer+Rx.swift */; };
		B1B9F48729D974AD00DC2020 /* TapImageView.swift in Sources */ = {isa = PBXBuildFile; fileRef = B1B9F48629D974AD00DC2020 /* TapImageView.swift */; };
		B1D2EEAB29D6029F0009EFB2 /* VideoPlayerViewModel.swift in Sources */ = {isa = PBXBuildFile; fileRef = B1D2EEAA29D6029F0009EFB2 /* VideoPlayerViewModel.swift */; };
		B1D2EEAD29D604620009EFB2 /* NotificationCenter+Rx.swift in Sources */ = {isa = PBXBuildFile; fileRef = B1D2EEAC29D604620009EFB2 /* NotificationCenter+Rx.swift */; };
		B1D2EEB029D618030009EFB2 /* RxGesture in Frameworks */ = {isa = PBXBuildFile; productRef = B1D2EEAF29D618030009EFB2 /* RxGesture */; };
		B1D717C829CC98C900F505BB /* AppDelegate.swift in Sources */ = {isa = PBXBuildFile; fileRef = B1D717C729CC98C900F505BB /* AppDelegate.swift */; };
		B1D717CA29CC98C900F505BB /* SceneDelegate.swift in Sources */ = {isa = PBXBuildFile; fileRef = B1D717C929CC98C900F505BB /* SceneDelegate.swift */; };
		B1D717CC29CC98C900F505BB /* VideoListViewController.swift in Sources */ = {isa = PBXBuildFile; fileRef = B1D717CB29CC98C900F505BB /* VideoListViewController.swift */; };
		B1D717D129CC98CB00F505BB /* Assets.xcassets in Resources */ = {isa = PBXBuildFile; fileRef = B1D717D029CC98CB00F505BB /* Assets.xcassets */; };
		B1D717D429CC98CB00F505BB /* LaunchScreen.storyboard in Resources */ = {isa = PBXBuildFile; fileRef = B1D717D229CC98CB00F505BB /* LaunchScreen.storyboard */; };
		B1D717DD29CC997600F505BB /* RxCocoa in Frameworks */ = {isa = PBXBuildFile; productRef = B1D717DC29CC997600F505BB /* RxCocoa */; };
		B1D717DF29CC997600F505BB /* RxRelay in Frameworks */ = {isa = PBXBuildFile; productRef = B1D717DE29CC997600F505BB /* RxRelay */; };
		B1D717E129CC997600F505BB /* RxSwift in Frameworks */ = {isa = PBXBuildFile; productRef = B1D717E029CC997600F505BB /* RxSwift */; };
		B1D717E429CC999100F505BB /* SnapKit in Frameworks */ = {isa = PBXBuildFile; productRef = B1D717E329CC999100F505BB /* SnapKit */; };
		B1D717E829CCC4DB00F505BB /* VideoListViewCell.swift in Sources */ = {isa = PBXBuildFile; fileRef = B1D717E729CCC4DB00F505BB /* VideoListViewCell.swift */; };
		B1D717EA29CCCA1900F505BB /* VideoPlayerViewController.swift in Sources */ = {isa = PBXBuildFile; fileRef = B1D717E929CCCA1900F505BB /* VideoPlayerViewController.swift */; };
		B1D717EC29CCCD3B00F505BB /* PlayerView.swift in Sources */ = {isa = PBXBuildFile; fileRef = B1D717EB29CCCD3B00F505BB /* PlayerView.swift */; };
/* End PBXBuildFile section */

/* Begin PBXFileReference section */
		B185412829D0C71F00C8AA62 /* UIView+Ani.swift */ = {isa = PBXFileReference; lastKnownFileType = sourcecode.swift; path = "UIView+Ani.swift"; sourceTree = "<group>"; };
		B186F68029D8634A005EB616 /* VideoListViewModel.swift */ = {isa = PBXFileReference; lastKnownFileType = sourcecode.swift; path = VideoListViewModel.swift; sourceTree = "<group>"; };
		B186F68329D863AE005EB616 /* Video.swift */ = {isa = PBXFileReference; lastKnownFileType = sourcecode.swift; path = Video.swift; sourceTree = "<group>"; };
		B1ACE4CA29CD56DD00B957F7 /* AVPlayer+Rx.swift */ = {isa = PBXFileReference; lastKnownFileType = sourcecode.swift; path = "AVPlayer+Rx.swift"; sourceTree = "<group>"; };
		B1B9F48629D974AD00DC2020 /* TapImageView.swift */ = {isa = PBXFileReference; lastKnownFileType = sourcecode.swift; path = TapImageView.swift; sourceTree = "<group>"; };
		B1D2EEAA29D6029F0009EFB2 /* VideoPlayerViewModel.swift */ = {isa = PBXFileReference; lastKnownFileType = sourcecode.swift; path = VideoPlayerViewModel.swift; sourceTree = "<group>"; };
		B1D2EEAC29D604620009EFB2 /* NotificationCenter+Rx.swift */ = {isa = PBXFileReference; lastKnownFileType = sourcecode.swift; path = "NotificationCenter+Rx.swift"; sourceTree = "<group>"; };
		B1D717C429CC98C900F505BB /* RealtimeVideo_Tutorial.app */ = {isa = PBXFileReference; explicitFileType = wrapper.application; includeInIndex = 0; path = RealtimeVideo_Tutorial.app; sourceTree = BUILT_PRODUCTS_DIR; };
		B1D717C729CC98C900F505BB /* AppDelegate.swift */ = {isa = PBXFileReference; lastKnownFileType = sourcecode.swift; path = AppDelegate.swift; sourceTree = "<group>"; };
		B1D717C929CC98C900F505BB /* SceneDelegate.swift */ = {isa = PBXFileReference; lastKnownFileType = sourcecode.swift; path = SceneDelegate.swift; sourceTree = "<group>"; };
		B1D717CB29CC98C900F505BB /* VideoListViewController.swift */ = {isa = PBXFileReference; lastKnownFileType = sourcecode.swift; path = VideoListViewController.swift; sourceTree = "<group>"; };
		B1D717D029CC98CB00F505BB /* Assets.xcassets */ = {isa = PBXFileReference; lastKnownFileType = folder.assetcatalog; path = Assets.xcassets; sourceTree = "<group>"; };
		B1D717D329CC98CB00F505BB /* Base */ = {isa = PBXFileReference; lastKnownFileType = file.storyboard; name = Base; path = Base.lproj/LaunchScreen.storyboard; sourceTree = "<group>"; };
		B1D717D529CC98CB00F505BB /* Info.plist */ = {isa = PBXFileReference; lastKnownFileType = text.plist.xml; path = Info.plist; sourceTree = "<group>"; };
		B1D717E729CCC4DB00F505BB /* VideoListViewCell.swift */ = {isa = PBXFileReference; lastKnownFileType = sourcecode.swift; path = VideoListViewCell.swift; sourceTree = "<group>"; };
		B1D717E929CCCA1900F505BB /* VideoPlayerViewController.swift */ = {isa = PBXFileReference; lastKnownFileType = sourcecode.swift; path = VideoPlayerViewController.swift; sourceTree = "<group>"; };
		B1D717EB29CCCD3B00F505BB /* PlayerView.swift */ = {isa = PBXFileReference; lastKnownFileType = sourcecode.swift; path = PlayerView.swift; sourceTree = "<group>"; };
/* End PBXFileReference section */

/* Begin PBXFrameworksBuildPhase section */
		B1D717C129CC98C900F505BB /* Frameworks */ = {
			isa = PBXFrameworksBuildPhase;
			buildActionMask = 2147483647;
			files = (
				B1D717E129CC997600F505BB /* RxSwift in Frameworks */,
				B1D717E429CC999100F505BB /* SnapKit in Frameworks */,
				B1D2EEB029D618030009EFB2 /* RxGesture in Frameworks */,
				B1D717DF29CC997600F505BB /* RxRelay in Frameworks */,
				B1D717DD29CC997600F505BB /* RxCocoa in Frameworks */,
			);
			runOnlyForDeploymentPostprocessing = 0;
		};
/* End PBXFrameworksBuildPhase section */

/* Begin PBXGroup section */
		B185412429D09EF400C8AA62 /* VideoPlayer */ = {
			isa = PBXGroup;
			children = (
				B1D717E929CCCA1900F505BB /* VideoPlayerViewController.swift */,
				B1D2EEAA29D6029F0009EFB2 /* VideoPlayerViewModel.swift */,
				B185412529D09F0300C8AA62 /* Views */,
			);
			path = VideoPlayer;
			sourceTree = "<group>";
		};
		B185412529D09F0300C8AA62 /* Views */ = {
			isa = PBXGroup;
			children = (
				B1D717EB29CCCD3B00F505BB /* PlayerView.swift */,
				B1B9F48629D974AD00DC2020 /* TapImageView.swift */,
			);
			path = Views;
			sourceTree = "<group>";
		};
		B185412629D09F1D00C8AA62 /* Extensions */ = {
			isa = PBXGroup;
			children = (
				B1ACE4CA29CD56DD00B957F7 /* AVPlayer+Rx.swift */,
				B1D2EEAC29D604620009EFB2 /* NotificationCenter+Rx.swift */,
				B185412829D0C71F00C8AA62 /* UIView+Ani.swift */,
			);
			path = Extensions;
			sourceTree = "<group>";
		};
		B185412729D09F4300C8AA62 /* VideoList */ = {
			isa = PBXGroup;
			children = (
				B1D717CB29CC98C900F505BB /* VideoListViewController.swift */,
				B186F68029D8634A005EB616 /* VideoListViewModel.swift */,
				B1D717E729CCC4DB00F505BB /* VideoListViewCell.swift */,
			);
			path = VideoList;
			sourceTree = "<group>";
		};
		B186F68229D8639F005EB616 /* Models */ = {
			isa = PBXGroup;
			children = (
				B186F68329D863AE005EB616 /* Video.swift */,
			);
			path = Models;
			sourceTree = "<group>";
		};
		B1D717BB29CC98C900F505BB = {
			isa = PBXGroup;
			children = (
				B1D717C629CC98C900F505BB /* RealtimeVideo_Tutorial */,
				B1D717C529CC98C900F505BB /* Products */,
			);
			sourceTree = "<group>";
		};
		B1D717C529CC98C900F505BB /* Products */ = {
			isa = PBXGroup;
			children = (
				B1D717C429CC98C900F505BB /* RealtimeVideo_Tutorial.app */,
			);
			name = Products;
			sourceTree = "<group>";
		};
		B1D717C629CC98C900F505BB /* RealtimeVideo_Tutorial */ = {
			isa = PBXGroup;
			children = (
				B1D717C729CC98C900F505BB /* AppDelegate.swift */,
				B1D717C929CC98C900F505BB /* SceneDelegate.swift */,
				B186F68229D8639F005EB616 /* Models */,
				B185412729D09F4300C8AA62 /* VideoList */,
				B185412429D09EF400C8AA62 /* VideoPlayer */,
				B185412629D09F1D00C8AA62 /* Extensions */,
				B1D717D029CC98CB00F505BB /* Assets.xcassets */,
				B1D717D229CC98CB00F505BB /* LaunchScreen.storyboard */,
				B1D717D529CC98CB00F505BB /* Info.plist */,
			);
			path = RealtimeVideo_Tutorial;
			sourceTree = "<group>";
		};
/* End PBXGroup section */

/* Begin PBXNativeTarget section */
		B1D717C329CC98C900F505BB /* RealtimeVideo_Tutorial */ = {
			isa = PBXNativeTarget;
			buildConfigurationList = B1D717D829CC98CB00F505BB /* Build configuration list for PBXNativeTarget "RealtimeVideo_Tutorial" */;
			buildPhases = (
				B1D717C029CC98C900F505BB /* Sources */,
				B1D717C129CC98C900F505BB /* Frameworks */,
				B1D717C229CC98C900F505BB /* Resources */,
			);
			buildRules = (
			);
			dependencies = (
			);
			name = RealtimeVideo_Tutorial;
			packageProductDependencies = (
				B1D717DC29CC997600F505BB /* RxCocoa */,
				B1D717DE29CC997600F505BB /* RxRelay */,
				B1D717E029CC997600F505BB /* RxSwift */,
				B1D717E329CC999100F505BB /* SnapKit */,
				B1D2EEAF29D618030009EFB2 /* RxGesture */,
			);
			productName = RealtimeVideo_Tutorial;
			productReference = B1D717C429CC98C900F505BB /* RealtimeVideo_Tutorial.app */;
			productType = "com.apple.product-type.application";
		};
/* End PBXNativeTarget section */

/* Begin PBXProject section */
		B1D717BC29CC98C900F505BB /* Project object */ = {
			isa = PBXProject;
			attributes = {
				BuildIndependentTargetsInParallel = 1;
				LastSwiftUpdateCheck = 1420;
				LastUpgradeCheck = 1420;
				TargetAttributes = {
					B1D717C329CC98C900F505BB = {
						CreatedOnToolsVersion = 14.2;
					};
				};
			};
			buildConfigurationList = B1D717BF29CC98C900F505BB /* Build configuration list for PBXProject "RealtimeVideo_Tutorial" */;
			compatibilityVersion = "Xcode 14.0";
			developmentRegion = en;
			hasScannedForEncodings = 0;
			knownRegions = (
				en,
				Base,
			);
			mainGroup = B1D717BB29CC98C900F505BB;
			packageReferences = (
				B1D717DB29CC997600F505BB /* XCRemoteSwiftPackageReference "RxSwift" */,
				B1D717E229CC999100F505BB /* XCRemoteSwiftPackageReference "SnapKit" */,
				B1D2EEAE29D618030009EFB2 /* XCRemoteSwiftPackageReference "RxGesture" */,
			);
			productRefGroup = B1D717C529CC98C900F505BB /* Products */;
			projectDirPath = "";
			projectRoot = "";
			targets = (
				B1D717C329CC98C900F505BB /* RealtimeVideo_Tutorial */,
			);
		};
/* End PBXProject section */

/* Begin PBXResourcesBuildPhase section */
		B1D717C229CC98C900F505BB /* Resources */ = {
			isa = PBXResourcesBuildPhase;
			buildActionMask = 2147483647;
			files = (
				B1D717D429CC98CB00F505BB /* LaunchScreen.storyboard in Resources */,
				B1D717D129CC98CB00F505BB /* Assets.xcassets in Resources */,
			);
			runOnlyForDeploymentPostprocessing = 0;
		};
/* End PBXResourcesBuildPhase section */

/* Begin PBXSourcesBuildPhase section */
		B1D717C029CC98C900F505BB /* Sources */ = {
			isa = PBXSourcesBuildPhase;
			buildActionMask = 2147483647;
			files = (
				B1D2EEAB29D6029F0009EFB2 /* VideoPlayerViewModel.swift in Sources */,
				B186F68429D863AE005EB616 /* Video.swift in Sources */,
				B186F68129D8634A005EB616 /* VideoListViewModel.swift in Sources */,
				B1D717E829CCC4DB00F505BB /* VideoListViewCell.swift in Sources */,
				B1D717CC29CC98C900F505BB /* VideoListViewController.swift in Sources */,
				B1D2EEAD29D604620009EFB2 /* NotificationCenter+Rx.swift in Sources */,
				B1D717EC29CCCD3B00F505BB /* PlayerView.swift in Sources */,
				B1B9F48729D974AD00DC2020 /* TapImageView.swift in Sources */,
				B1D717C829CC98C900F505BB /* AppDelegate.swift in Sources */,
				B1D717EA29CCCA1900F505BB /* VideoPlayerViewController.swift in Sources */,
				B1ACE4CB29CD56DD00B957F7 /* AVPlayer+Rx.swift in Sources */,
				B1D717CA29CC98C900F505BB /* SceneDelegate.swift in Sources */,
				B185412929D0C71F00C8AA62 /* UIView+Ani.swift in Sources */,
			);
			runOnlyForDeploymentPostprocessing = 0;
		};
/* End PBXSourcesBuildPhase section */

/* Begin PBXVariantGroup section */
		B1D717D229CC98CB00F505BB /* LaunchScreen.storyboard */ = {
			isa = PBXVariantGroup;
			children = (
				B1D717D329CC98CB00F505BB /* Base */,
			);
			name = LaunchScreen.storyboard;
			sourceTree = "<group>";
		};
/* End PBXVariantGroup section */

/* Begin XCBuildConfiguration section */
		B1D717D629CC98CB00F505BB /* Debug */ = {
			isa = XCBuildConfiguration;
			buildSettings = {
				ALWAYS_SEARCH_USER_PATHS = NO;
				CLANG_ANALYZER_NONNULL = YES;
				CLANG_ANALYZER_NUMBER_OBJECT_CONVERSION = YES_AGGRESSIVE;
				CLANG_CXX_LANGUAGE_STANDARD = "gnu++20";
				CLANG_ENABLE_MODULES = YES;
				CLANG_ENABLE_OBJC_ARC = YES;
				CLANG_ENABLE_OBJC_WEAK = YES;
				CLANG_WARN_BLOCK_CAPTURE_AUTORELEASING = YES;
				CLANG_WARN_BOOL_CONVERSION = YES;
				CLANG_WARN_COMMA = YES;
				CLANG_WARN_CONSTANT_CONVERSION = YES;
				CLANG_WARN_DEPRECATED_OBJC_IMPLEMENTATIONS = YES;
				CLANG_WARN_DIRECT_OBJC_ISA_USAGE = YES_ERROR;
				CLANG_WARN_DOCUMENTATION_COMMENTS = YES;
				CLANG_WARN_EMPTY_BODY = YES;
				CLANG_WARN_ENUM_CONVERSION = YES;
				CLANG_WARN_INFINITE_RECURSION = YES;
				CLANG_WARN_INT_CONVERSION = YES;
				CLANG_WARN_NON_LITERAL_NULL_CONVERSION = YES;
				CLANG_WARN_OBJC_IMPLICIT_RETAIN_SELF = YES;
				CLANG_WARN_OBJC_LITERAL_CONVERSION = YES;
				CLANG_WARN_OBJC_ROOT_CLASS = YES_ERROR;
				CLANG_WARN_QUOTED_INCLUDE_IN_FRAMEWORK_HEADER = YES;
				CLANG_WARN_RANGE_LOOP_ANALYSIS = YES;
				CLANG_WARN_STRICT_PROTOTYPES = YES;
				CLANG_WARN_SUSPICIOUS_MOVE = YES;
				CLANG_WARN_UNGUARDED_AVAILABILITY = YES_AGGRESSIVE;
				CLANG_WARN_UNREACHABLE_CODE = YES;
				CLANG_WARN__DUPLICATE_METHOD_MATCH = YES;
				COPY_PHASE_STRIP = NO;
				DEBUG_INFORMATION_FORMAT = dwarf;
				ENABLE_STRICT_OBJC_MSGSEND = YES;
				ENABLE_TESTABILITY = YES;
				GCC_C_LANGUAGE_STANDARD = gnu11;
				GCC_DYNAMIC_NO_PIC = NO;
				GCC_NO_COMMON_BLOCKS = YES;
				GCC_OPTIMIZATION_LEVEL = 0;
				GCC_PREPROCESSOR_DEFINITIONS = (
					"DEBUG=1",
					"$(inherited)",
				);
				GCC_WARN_64_TO_32_BIT_CONVERSION = YES;
				GCC_WARN_ABOUT_RETURN_TYPE = YES_ERROR;
				GCC_WARN_UNDECLARED_SELECTOR = YES;
				GCC_WARN_UNINITIALIZED_AUTOS = YES_AGGRESSIVE;
				GCC_WARN_UNUSED_FUNCTION = YES;
				GCC_WARN_UNUSED_VARIABLE = YES;
				IPHONEOS_DEPLOYMENT_TARGET = 16.2;
				MTL_ENABLE_DEBUG_INFO = INCLUDE_SOURCE;
				MTL_FAST_MATH = YES;
				ONLY_ACTIVE_ARCH = YES;
				SDKROOT = iphoneos;
				SWIFT_ACTIVE_COMPILATION_CONDITIONS = DEBUG;
				SWIFT_OPTIMIZATION_LEVEL = "-Onone";
			};
			name = Debug;
		};
		B1D717D729CC98CB00F505BB /* Release */ = {
			isa = XCBuildConfiguration;
			buildSettings = {
				ALWAYS_SEARCH_USER_PATHS = NO;
				CLANG_ANALYZER_NONNULL = YES;
				CLANG_ANALYZER_NUMBER_OBJECT_CONVERSION = YES_AGGRESSIVE;
				CLANG_CXX_LANGUAGE_STANDARD = "gnu++20";
				CLANG_ENABLE_MODULES = YES;
				CLANG_ENABLE_OBJC_ARC = YES;
				CLANG_ENABLE_OBJC_WEAK = YES;
				CLANG_WARN_BLOCK_CAPTURE_AUTORELEASING = YES;
				CLANG_WARN_BOOL_CONVERSION = YES;
				CLANG_WARN_COMMA = YES;
				CLANG_WARN_CONSTANT_CONVERSION = YES;
				CLANG_WARN_DEPRECATED_OBJC_IMPLEMENTATIONS = YES;
				CLANG_WARN_DIRECT_OBJC_ISA_USAGE = YES_ERROR;
				CLANG_WARN_DOCUMENTATION_COMMENTS = YES;
				CLANG_WARN_EMPTY_BODY = YES;
				CLANG_WARN_ENUM_CONVERSION = YES;
				CLANG_WARN_INFINITE_RECURSION = YES;
				CLANG_WARN_INT_CONVERSION = YES;
				CLANG_WARN_NON_LITERAL_NULL_CONVERSION = YES;
				CLANG_WARN_OBJC_IMPLICIT_RETAIN_SELF = YES;
				CLANG_WARN_OBJC_LITERAL_CONVERSION = YES;
				CLANG_WARN_OBJC_ROOT_CLASS = YES_ERROR;
				CLANG_WARN_QUOTED_INCLUDE_IN_FRAMEWORK_HEADER = YES;
				CLANG_WARN_RANGE_LOOP_ANALYSIS = YES;
				CLANG_WARN_STRICT_PROTOTYPES = YES;
				CLANG_WARN_SUSPICIOUS_MOVE = YES;
				CLANG_WARN_UNGUARDED_AVAILABILITY = YES_AGGRESSIVE;
				CLANG_WARN_UNREACHABLE_CODE = YES;
				CLANG_WARN__DUPLICATE_METHOD_MATCH = YES;
				COPY_PHASE_STRIP = NO;
				DEBUG_INFORMATION_FORMAT = "dwarf-with-dsym";
				ENABLE_NS_ASSERTIONS = NO;
				ENABLE_STRICT_OBJC_MSGSEND = YES;
				GCC_C_LANGUAGE_STANDARD = gnu11;
				GCC_NO_COMMON_BLOCKS = YES;
				GCC_WARN_64_TO_32_BIT_CONVERSION = YES;
				GCC_WARN_ABOUT_RETURN_TYPE = YES_ERROR;
				GCC_WARN_UNDECLARED_SELECTOR = YES;
				GCC_WARN_UNINITIALIZED_AUTOS = YES_AGGRESSIVE;
				GCC_WARN_UNUSED_FUNCTION = YES;
				GCC_WARN_UNUSED_VARIABLE = YES;
				IPHONEOS_DEPLOYMENT_TARGET = 16.2;
				MTL_ENABLE_DEBUG_INFO = NO;
				MTL_FAST_MATH = YES;
				SDKROOT = iphoneos;
				SWIFT_COMPILATION_MODE = wholemodule;
				SWIFT_OPTIMIZATION_LEVEL = "-O";
				VALIDATE_PRODUCT = YES;
			};
			name = Release;
		};
		B1D717D929CC98CB00F505BB /* Debug */ = {
			isa = XCBuildConfiguration;
			buildSettings = {
				ASSETCATALOG_COMPILER_APPICON_NAME = AppIcon;
				ASSETCATALOG_COMPILER_GLOBAL_ACCENT_COLOR_NAME = AccentColor;
				CODE_SIGN_STYLE = Automatic;
				CURRENT_PROJECT_VERSION = 1;
				DEVELOPMENT_TEAM = N4G34Z5GTF;
				GENERATE_INFOPLIST_FILE = YES;
				INFOPLIST_FILE = RealtimeVideo_Tutorial/Info.plist;
				INFOPLIST_KEY_UIApplicationSupportsIndirectInputEvents = YES;
				INFOPLIST_KEY_UILaunchStoryboardName = LaunchScreen;
				INFOPLIST_KEY_UISupportedInterfaceOrientations = "UIInterfaceOrientationLandscapeLeft UIInterfaceOrientationLandscapeRight UIInterfaceOrientationPortrait";
				IPHONEOS_DEPLOYMENT_TARGET = 16.0;
				LD_RUNPATH_SEARCH_PATHS = (
					"$(inherited)",
					"@executable_path/Frameworks",
				);
				MARKETING_VERSION = 1.0;
				PRODUCT_BUNDLE_IDENTIFIER = "SWLEE.RealtimeVideo-Tutorial";
				PRODUCT_NAME = "$(TARGET_NAME)";
				SWIFT_EMIT_LOC_STRINGS = YES;
				SWIFT_VERSION = 5.0;
				TARGETED_DEVICE_FAMILY = "1,2";
			};
			name = Debug;
		};
		B1D717DA29CC98CB00F505BB /* Release */ = {
			isa = XCBuildConfiguration;
			buildSettings = {
				ASSETCATALOG_COMPILER_APPICON_NAME = AppIcon;
				ASSETCATALOG_COMPILER_GLOBAL_ACCENT_COLOR_NAME = AccentColor;
				CODE_SIGN_STYLE = Automatic;
				CURRENT_PROJECT_VERSION = 1;
				DEVELOPMENT_TEAM = N4G34Z5GTF;
				GENERATE_INFOPLIST_FILE = YES;
				INFOPLIST_FILE = RealtimeVideo_Tutorial/Info.plist;
				INFOPLIST_KEY_UIApplicationSupportsIndirectInputEvents = YES;
				INFOPLIST_KEY_UILaunchStoryboardName = LaunchScreen;
				INFOPLIST_KEY_UISupportedInterfaceOrientations = "UIInterfaceOrientationLandscapeLeft UIInterfaceOrientationLandscapeRight UIInterfaceOrientationPortrait";
				IPHONEOS_DEPLOYMENT_TARGET = 16.0;
				LD_RUNPATH_SEARCH_PATHS = (
					"$(inherited)",
					"@executable_path/Frameworks",
				);
				MARKETING_VERSION = 1.0;
				PRODUCT_BUNDLE_IDENTIFIER = "SWLEE.RealtimeVideo-Tutorial";
				PRODUCT_NAME = "$(TARGET_NAME)";
				SWIFT_EMIT_LOC_STRINGS = YES;
				SWIFT_VERSION = 5.0;
				TARGETED_DEVICE_FAMILY = "1,2";
			};
			name = Release;
		};
/* End XCBuildConfiguration section */

/* Begin XCConfigurationList section */
		B1D717BF29CC98C900F505BB /* Build configuration list for PBXProject "RealtimeVideo_Tutorial" */ = {
			isa = XCConfigurationList;
			buildConfigurations = (
				B1D717D629CC98CB00F505BB /* Debug */,
				B1D717D729CC98CB00F505BB /* Release */,
			);
			defaultConfigurationIsVisible = 0;
			defaultConfigurationName = Release;
		};
		B1D717D829CC98CB00F505BB /* Build configuration list for PBXNativeTarget "RealtimeVideo_Tutorial" */ = {
			isa = XCConfigurationList;
			buildConfigurations = (
				B1D717D929CC98CB00F505BB /* Debug */,
				B1D717DA29CC98CB00F505BB /* Release */,
			);
			defaultConfigurationIsVisible = 0;
			defaultConfigurationName = Release;
		};
/* End XCConfigurationList section */

/* Begin XCRemoteSwiftPackageReference section */
		B1D2EEAE29D618030009EFB2 /* XCRemoteSwiftPackageReference "RxGesture" */ = {
			isa = XCRemoteSwiftPackageReference;
			repositoryURL = "https://github.com/RxSwiftCommunity/RxGesture";
			requirement = {
				kind = upToNextMajorVersion;
				minimumVersion = 4.0.0;
			};
		};
		B1D717DB29CC997600F505BB /* XCRemoteSwiftPackageReference "RxSwift" */ = {
			isa = XCRemoteSwiftPackageReference;
			repositoryURL = "https://github.com/ReactiveX/RxSwift";
			requirement = {
				branch = main;
				kind = branch;
			};
		};
		B1D717E229CC999100F505BB /* XCRemoteSwiftPackageReference "SnapKit" */ = {
			isa = XCRemoteSwiftPackageReference;
			repositoryURL = "https://github.com/SnapKit/SnapKit";
			requirement = {
				branch = develop;
				kind = branch;
			};
		};
/* End XCRemoteSwiftPackageReference section */

/* Begin XCSwiftPackageProductDependency section */
		B1D2EEAF29D618030009EFB2 /* RxGesture */ = {
			isa = XCSwiftPackageProductDependency;
			package = B1D2EEAE29D618030009EFB2 /* XCRemoteSwiftPackageReference "RxGesture" */;
			productName = RxGesture;
		};
		B1D717DC29CC997600F505BB /* RxCocoa */ = {
			isa = XCSwiftPackageProductDependency;
			package = B1D717DB29CC997600F505BB /* XCRemoteSwiftPackageReference "RxSwift" */;
			productName = RxCocoa;
		};
		B1D717DE29CC997600F505BB /* RxRelay */ = {
			isa = XCSwiftPackageProductDependency;
			package = B1D717DB29CC997600F505BB /* XCRemoteSwiftPackageReference "RxSwift" */;
			productName = RxRelay;
		};
		B1D717E029CC997600F505BB /* RxSwift */ = {
			isa = XCSwiftPackageProductDependency;
			package = B1D717DB29CC997600F505BB /* XCRemoteSwiftPackageReference "RxSwift" */;
			productName = RxSwift;
		};
		B1D717E329CC999100F505BB /* SnapKit */ = {
			isa = XCSwiftPackageProductDependency;
			package = B1D717E229CC999100F505BB /* XCRemoteSwiftPackageReference "SnapKit" */;
			productName = SnapKit;
		};
/* End XCSwiftPackageProductDependency section */
	};
	rootObject = B1D717BC29CC98C900F505BB /* Project object */;
}
